<Solution>
  <Folder Name="/src/">
    <Project Path="src/Wallet.Api/Wallet.Api.csproj" />
    <Project Path="src/Wallet.Infrastructure/Wallet.Infrastructure.csproj" />
    <Project Path="src/Wallet.Issuer/Wallet.Issuer.csproj" />
    <Project Path="src/Wallet.Tenant/Wallet.Tenant.csproj" />
  </Folder>
  <Folder Name="/tests/">
    <Project Path="tests/Wallet.IntegrationTests/Wallet.IntegrationTests.csproj" />
    <Project Path="tests/Wallet.UnitTests/Wallet.UnitTests.csproj" />
  </Folder>
</Solution>
